{
    "name": "core",
    "lockfileVersion": 2,
    "requires": true,
    "packages": {
        "": {
            "devDependencies": {
                "eslint-plugin-ban": "^1.6.0"
            }
        },
        "node_modules/eslint-plugin-ban": {
            "version": "1.6.0",
            "resolved": "https://registry.npmjs.org/eslint-plugin-ban/-/eslint-plugin-ban-1.6.0.tgz",
            "integrity": "sha512-gZptoV+SFHOHO57/5lmPvizMvSXrjFatP9qlVQf3meL/WHo9TxSoERygrMlESl19CPh95U86asTxohT8OprwDw==",
            "dev": true,
            "dependencies": {
                "requireindex": "~1.2.0"
            },
            "engines": {
                "node": ">=0.10.0"
            }
        },
        "node_modules/requireindex": {
            "version": "1.2.0",
            "resolved": "https://registry.npmjs.org/requireindex/-/requireindex-1.2.0.tgz",
            "integrity": "sha512-L9jEkOi3ASd9PYit2cwRfyppc9NoABujTP8/5gFcbERmo5jUoAKovIC3fsF17pkTnGsrByysqX+Kxd2OTNI1ww==",
            "dev": true,
            "engines": {
                "node": ">=0.10.5"
            }
        }
    },
    "dependencies": {
        "eslint-plugin-ban": {
            "version": "1.6.0",
            "resolved": "https://registry.npmjs.org/eslint-plugin-ban/-/eslint-plugin-ban-1.6.0.tgz",
            "integrity": "sha512-gZptoV+SFHOHO57/5lmPvizMvSXrjFatP9qlVQf3meL/WHo9TxSoERygrMlESl19CPh95U86asTxohT8OprwDw==",
            "dev": true,
            "requires": {
                "requireindex": "~1.2.0"
            }
        },
        "requireindex": {
            "version": "1.2.0",
            "resolved": "https://registry.npmjs.org/requireindex/-/requireindex-1.2.0.tgz",
            "integrity": "sha512-L9jEkOi3ASd9PYit2cwRfyppc9NoABujTP8/5gFcbERmo5jUoAKovIC3fsF17pkTnGsrByysqX+Kxd2OTNI1ww==",
            "dev": true
        }
    }
}
