# THIS IS AN AUTOGENERATED FILE. DO NOT EDIT THIS FILE DIRECTLY.
# yarn lockfile v1


eslint-plugin-ban@^1.6.0:
  version "1.6.0"
  resolved "https://registry.npmjs.org/eslint-plugin-ban/-/eslint-plugin-ban-1.6.0.tgz#f4e8e9b754b0f2c405f9747ea9fcb4be63c37d05"
  integrity sha512-gZptoV+SFHOHO57/5lmPvizMvSXrjFatP9qlVQf3meL/WHo9TxSoERygrMlESl19CPh95U86asTxohT8OprwDw==
  dependencies:
    requireindex "~1.2.0"

requireindex@~1.2.0:
  version "1.2.0"
  resolved "https://registry.npmjs.org/requireindex/-/requireindex-1.2.0.tgz#3463cdb22ee151902635aa6c9535d4de9c2ef1ef"
  integrity sha512-L9jEkOi3ASd9PYit2cwRfyppc9NoABujTP8/5gFcbERmo5jUoAKovIC3fsF17pkTnGsrByysqX+Kxd2OTNI1ww==
