{
  "name": "dotcms",
  "version": "0.0.4",
  "lockfileVersion": 1,
  "requires": true,
  "dependencies": {
    "@tarekraafat/autocomplete.js": {
      "version": "4.0.0",
      "resolved": "https://registry.npmjs.org/@tarekraafat/autocomplete.js/-/autocomplete.js-4.0.0.tgz",
      "integrity": "sha512-78t8esJg6vgrzId5QGehHijyC+G4HjegVS7rPv820fJNeEZd/ifkPwbQTZFIFCttKutUYeNe8bkiqHM/edykjg=="
    },
    "dotcms-field-elements": {
      "version": "0.0.15",
      "resolved": "https://registry.npmjs.org/dotcms-field-elements/-/dotcms-field-elements-0.0.15.tgz",
      "integrity": "sha512-0RB9FLqS2xQPBEuUckgZUEObro/5oD+6IKVqevML3+g65LUTcscJ809Q2H8/Kxi0OMwsIDf5BQIa0Ly0Zai3Pw==",
      "requires": {
        "@tarekraafat/autocomplete.js": "^4.0.0",
        "dotcms-models": "^0.0.8",
        "flatpickr": "^4.5.7",
        "stencil-fragment": "^1.0.1"
      }
    },
    "dotcms-models": {
      "version": "0.0.8",
      "resolved": "https://registry.npmjs.org/dotcms-models/-/dotcms-models-0.0.8.tgz",
      "integrity": "sha512-uGBJi6+1tmMcJJEjFxtAiWSHqnzgAtyl2fIjiY86aO0GXR6Pr1Rp2kMtHbdL/oNlUNrlvZ1DicOWBAUMQ3Gmng==",
      "requires": {
        "tslib": "^1.9.0"
      }
    },
    "flatpickr": {
      "version": "4.6.2",
      "resolved": "https://registry.npmjs.org/flatpickr/-/flatpickr-4.6.2.tgz",
      "integrity": "sha512-bRfBPyxohUQWgCTg6jPALUO1t/x+sRJ/S/RVti/NzYvHqGRpCAesKSWKLzOuLmpu+vGHfXBld4SXvOCLFgYb+g=="
    },
    "stencil-fragment": {
      "version": "1.0.1",
      "resolved": "https://registry.npmjs.org/stencil-fragment/-/stencil-fragment-1.0.1.tgz",
      "integrity": "sha512-ih2X+LDaIB3ybQxXvtGeOS3BfwPB4ZJFuiQnv8Gf1JJGNZHB5XH54EyOa19g5brLQYdjPrzzLsgfuzUz8YWEkw=="
    },
    "tslib": {
      "version": "1.10.0",
      "resolved": "https://registry.npmjs.org/tslib/-/tslib-1.10.0.tgz",
      "integrity": "sha512-qOebF53frne81cf0S9B41ByenJ3/IuH8yJKngAX35CmiZySA0khhkovshKK+jGCaMnVomla7gVlIcc3EvKPbTQ=="
    }
  }
}
