# THIS IS AN AUTOGENERATED FILE. DO NOT EDIT THIS FILE DIRECTLY.
# yarn lockfile v1


"@jitsu/sdk-js@^3.1.5":
  version "3.1.5"
  resolved "https://registry.npmjs.org/@jitsu/sdk-js/-/sdk-js-3.1.5.tgz#3d0d92ccc01b621cbe67484c6e246d5ff8721de8"
  integrity sha512-e7P8uvGBNwWCC864MItcYSv0IT2+nwYiX8QXZ0lfyG8hutEXXX9Yt2/+MynXuGxMIoIrJ+j0bWVu20k9rrhxSg==

tslib@^2.3.0:
  version "2.6.2"
  resolved "https://registry.npmjs.org/tslib/-/tslib-2.6.2.tgz#703ac29425e7b37cd6fd456e92404d46d1f3e4ae"
  integrity sha512-AEYxH93jGFPn/a2iVAwW87VuUIkR1FVUKB77NwMF7nBTDkDrrT/Hpt/IrCJ0QXhW27jTBDcf5ZY7w6RiqTMw2Q==
