# THIS IS AN AUTOGENERATED FILE. DO NOT EDIT THIS FILE DIRECTLY.
# yarn lockfile v1


"@playwright/test@^1.47.0":
  version "1.47.0"
  resolved "https://registry.npmjs.org/@playwright/test/-/test-1.47.0.tgz#69fc55b10754147cc20021afbfa05747d4961bf0"
  integrity sha512-SgAdlSwYVpToI4e/IH19IHHWvoijAYH5hu2MWSXptRypLSnzj51PcGD+rsOXFayde4P9ZLi+loXVwArg6IUkCA==
  dependencies:
    playwright "1.47.0"

"@types/node@^22.5.4":
  version "22.5.4"
  resolved "https://registry.npmjs.org/@types/node/-/node-22.5.4.tgz#83f7d1f65bc2ed223bdbf57c7884f1d5a4fa84e8"
  integrity sha512-FDuKUJQm/ju9fT/SeX/6+gBzoPzlVCzfzmGkwKvRHQVxi4BntVbyIwf6a4Xn62mrvndLiml6z/UBXIdEVjQLXg==
  dependencies:
    undici-types "~6.19.2"

dotenv@^16.4.5:
  version "16.4.5"
  resolved "https://registry.npmjs.org/dotenv/-/dotenv-16.4.5.tgz#cdd3b3b604cb327e286b4762e13502f717cb099f"
  integrity sha512-ZmdL2rui+eB2YwhsWzjInR8LldtZHGDoQ1ugH85ppHKwpUHL7j7rN0Ti9NCnGiQbhaZ11FpR+7ao1dNsmduNUg==

fsevents@2.3.2:
  version "2.3.2"
  resolved "https://registry.npmjs.org/fsevents/-/fsevents-2.3.2.tgz#8a526f78b8fdf4623b709e0b975c52c24c02fd1a"
  integrity sha512-xiqMQR4xAeHTuB9uWm+fFRcIOgKBMiOBP+eXiyT7jsgVCq1bkVygt00oASowB7EdtpOHaaPgKt812P9ab+DDKA==

playwright-core@1.47.0:
  version "1.47.0"
  resolved "https://registry.npmjs.org/playwright-core/-/playwright-core-1.47.0.tgz#b54ec060fd83e5c2e46b63986b5ebb5e96ace427"
  integrity sha512-1DyHT8OqkcfCkYUD9zzUTfg7EfTd+6a8MkD/NWOvjo0u/SCNd5YmY/lJwFvUZOxJbWNds+ei7ic2+R/cRz/PDg==

playwright@1.47.0:
  version "1.47.0"
  resolved "https://registry.npmjs.org/playwright/-/playwright-1.47.0.tgz#fb9b028883fad11362f9ff63ce7ba44bda0bf626"
  integrity sha512-jOWiRq2pdNAX/mwLiwFYnPHpEZ4rM+fRSQpRHwEwZlP2PUANvL3+aJOF/bvISMhFD30rqMxUB4RJx9aQbfh4Ww==
  dependencies:
    playwright-core "1.47.0"
  optionalDependencies:
    fsevents "2.3.2"

undici-types@~6.19.2:
  version "6.19.8"
  resolved "https://registry.npmjs.org/undici-types/-/undici-types-6.19.8.tgz#35111c9d1437ab83a7cdc0abae2f26d88eda0a02"
  integrity sha512-ve2KP6f/JnbPBFyobGHuerC9g1FYGn/F8n1LWTwNxCEzd6IfqTwUQcNXgEtmmQ6DlRrC1hrSrBnCZPokRrDHjw==
