{
  "version": "v1",
  "packages": {
    "@dotcms/client": {
      "signature": "6fd0e97c7bfddd7c65fda7fd290bf853",
      "file": true,
      "replaced": "latest"
    },
    "@dotcms/uve": {
      "signature": "16ab1b5aa7149a0f84ead8889c802780",
      "file": true,
      "replaced": "latest"
    }
  }
}