{
    "name": "@dotcms/experiments",
    "version": "0.0.1-alpha",
    "lockfileVersion": 3,
    "requires": true,
    "packages": {
        "": {
            "name": "@dotcms/experiments",
            "version": "0.0.1-alpha",
            "license": "MIT",
            "dependencies": {
                "@jitsu/sdk-js": "^3.1.5"
            },
            "peerDependencies": {
                "@dotcms/client": "0.0.1-alpha.12",
                "react": ">=18",
                "react-dom": ">=18"
            }
        },
        "node_modules/@dotcms/client": {
            "version": "0.0.1-alpha.12",
            "resolved": "https://registry.npmjs.org/@dotcms/client/-/client-0.0.1-alpha.12.tgz",
            "integrity": "sha512-hzkvPrTqpG490Vqu33iJvaRJCTpYA+PXUVQBzGCWHrK5wfPopdAfp399rvScMmvGT/AgjXhMv8Q0MEW2dkKH1g==",
            "peer": true
        },
        "node_modules/@jitsu/sdk-js": {
            "version": "3.1.5",
            "resolved": "https://registry.npmjs.org/@jitsu/sdk-js/-/sdk-js-3.1.5.tgz",
            "integrity": "sha512-e7P8uvGBNwWCC864MItcYSv0IT2+nwYiX8QXZ0lfyG8hutEXXX9Yt2/+MynXuGxMIoIrJ+j0bWVu20k9rrhxSg==",
            "deprecated": "This package is for legacy Jitsu Classic version. For latest version of Jitsu please use @jitsu/js"
        },
        "node_modules/js-tokens": {
            "version": "4.0.0",
            "resolved": "https://registry.npmjs.org/js-tokens/-/js-tokens-4.0.0.tgz",
            "integrity": "sha512-RdJUflcE3cUzKiMqQgsCu06FPu9UdIJO0beYbPhHN4k6apgJtifcoCtT9bcxOpYBtpD2kCM6Sbzg4CausW/PKQ==",
            "peer": true
        },
        "node_modules/loose-envify": {
            "version": "1.4.0",
            "resolved": "https://registry.npmjs.org/loose-envify/-/loose-envify-1.4.0.tgz",
            "integrity": "sha512-lyuxPGr/Wfhrlem2CL/UcnUc1zcqKAImBDzukY7Y5F/yQiNdko6+fRLevlw1HgMySw7f611UIY408EtxRSoK3Q==",
            "peer": true,
            "dependencies": {
                "js-tokens": "^3.0.0 || ^4.0.0"
            },
            "bin": {
                "loose-envify": "cli.js"
            }
        },
        "node_modules/react": {
            "version": "18.2.0",
            "resolved": "https://registry.npmjs.org/react/-/react-18.2.0.tgz",
            "integrity": "sha512-/3IjMdb2L9QbBdWiW5e3P2/npwMBaU9mHCSCUzNln0ZCYbcfTsGbTJrU/kGemdH2IWmB2ioZ+zkxtmq6g09fGQ==",
            "peer": true,
            "dependencies": {
                "loose-envify": "^1.1.0"
            },
            "engines": {
                "node": ">=0.10.0"
            }
        },
        "node_modules/react-dom": {
            "version": "18.2.0",
            "resolved": "https://registry.npmjs.org/react-dom/-/react-dom-18.2.0.tgz",
            "integrity": "sha512-6IMTriUmvsjHUjNtEDudZfuDQUoWXVxKHhlEGSk81n4YFS+r/Kl99wXiwlVXtPBtJenozv2P+hxDsw9eA7Xo6g==",
            "peer": true,
            "dependencies": {
                "loose-envify": "^1.1.0",
                "scheduler": "^0.23.0"
            },
            "peerDependencies": {
                "react": "^18.2.0"
            }
        },
        "node_modules/scheduler": {
            "version": "0.23.0",
            "resolved": "https://registry.npmjs.org/scheduler/-/scheduler-0.23.0.tgz",
            "integrity": "sha512-CtuThmgHNg7zIZWAXi3AsyIzA3n4xx7aNyjwC2VJldO2LMVDhFK+63xGqq6CsJH4rTAt6/M+N4GhZiDYPx9eUw==",
            "peer": true,
            "dependencies": {
                "loose-envify": "^1.1.0"
            }
        }
    }
}
